
Microsoft Visual Studio Solution File, Format Version 12.00
# Visual Studio Version 17
VisualStudioVersion = 17.5.002.0
MinimumVisualStudioVersion = 10.0.40219.1
Project("{9A19103F-16F7-4668-BE54-9A1E7A4F7556}") = "DotnetAPI", "DotnetAPI.csproj", "{89B353F7-03EF-406D-8BAA-879BC657E1EC}"
EndProject
Project("{9A19103F-16F7-4668-BE54-9A1E7A4F7556}") = "HelloWorld", "SQLSeed\HelloWorld.csproj", "{C6CA339E-8A8D-4AE8-B2EE-DCEB02F98B48}"
EndProject
Global
	GlobalSection(SolutionConfigurationPlatforms) = preSolution
		Debug|Any CPU = Debug|Any CPU
		Release|Any CPU = Release|Any CPU
	EndGlobalSection
	GlobalSection(ProjectConfigurationPlatforms) = postSolution
		{89B353F7-03EF-406D-8BAA-879BC657E1EC}.Debug|Any CPU.ActiveCfg = Debug|Any CPU
		{89B353F7-03EF-406D-8BAA-879BC657E1EC}.Debug|Any CPU.Build.0 = Debug|Any CPU
		{89B353F7-03EF-406D-8BAA-879BC657E1EC}.Release|Any CPU.ActiveCfg = Release|Any CPU
		{89B353F7-03EF-406D-8BAA-879BC657E1EC}.Release|Any CPU.Build.0 = Release|Any CPU
		{C6CA339E-8A8D-4AE8-B2EE-DCEB02F98B48}.Debug|Any CPU.ActiveCfg = Debug|Any CPU
		{C6CA339E-8A8D-4AE8-B2EE-DCEB02F98B48}.Debug|Any CPU.Build.0 = Debug|Any CPU
		{C6CA339E-8A8D-4AE8-B2EE-DCEB02F98B48}.Release|Any CPU.ActiveCfg = Release|Any CPU
		{C6CA339E-8A8D-4AE8-B2EE-DCEB02F98B48}.Release|Any CPU.Build.0 = Release|Any CPU
	EndGlobalSection
	GlobalSection(SolutionProperties) = preSolution
		HideSolutionNode = FALSE
	EndGlobalSection
	GlobalSection(ExtensibilityGlobals) = postSolution
		SolutionGuid = {97F52C82-EBB5-412B-95F4-8B0F9724437B}
	EndGlobalSection
EndGlobal
